
Microsoft Visual Studio Solution File, Format Version 12.00
# Visual Studio Version 16
VisualStudioVersion = 16.0.31112.23
MinimumVisualStudioVersion = 10.0.40219.1
Project("{9A19103F-16F7-4668-BE54-9A1E7A4F7556}") = "TradingCompany.TradingService", "TradingCompany.TradingService\TradingCompany.TradingService.csproj", "{794563DC-0DD8-481F-AA44-1BDC15174726}"
EndProject
Project("{2150E333-8FDC-42A3-9474-1A3956D46DE8}") = "API", "API", "{27D44F2B-1E52-4E93-BB72-BA371230735E}"
EndProject
Project("{2150E333-8FDC-42A3-9474-1A3956D46DE8}") = "Common", "Common", "{46B96EA7-5CB1-43D0-ADE4-6A04559F97C4}"
EndProject
Project("{9A19103F-16F7-4668-BE54-9A1E7A4F7556}") = "TradingCompany.Shared", "..\..\Common\TradingCompany.Shared\TradingCompany.Shared.csproj", "{0A00F644-DFEE-4F41-9020-458987EDE954}"
EndProject
Project("{9A19103F-16F7-4668-BE54-9A1E7A4F7556}") = "TradingCompany.Models", "TradingCompany.Models\TradingCompany.Models.csproj", "{0ACCA50A-A2A9-488B-9806-2D223DD843E0}"
EndProject
Project("{9A19103F-16F7-4668-BE54-9A1E7A4F7556}") = "TradingCompany.Integration", "TradingCompany.Integration\TradingCompany.Integration.csproj", "{23C75922-FD23-4D02-ABE3-59515CD61E81}"
EndProject
Project("{9A19103F-16F7-4668-BE54-9A1E7A4F7556}") = "TradingCompany.Repository", "TradingCompany.Repository\TradingCompany.Repository.csproj", "{F78D0536-3CA2-416C-A27F-A836756EEAFC}"
EndProject
Project("{9A19103F-16F7-4668-BE54-9A1E7A4F7556}") = "TradingCompany.Business", "TradingCompany.Business\TradingCompany.Business.csproj", "{770DA9A1-3173-49CD-B8FF-6EA71EA5EDB8}"
EndProject
Project("{E53339B2-1760-4266-BCC7-CA923CBCF16C}") = "docker-compose", "docker-compose.dcproj", "{00BA364E-1B86-4F2D-913C-9C3FCC2A08AE}"
EndProject
Global
	GlobalSection(SolutionConfigurationPlatforms) = preSolution
		Debug|Any CPU = Debug|Any CPU
		Release|Any CPU = Release|Any CPU
	EndGlobalSection
	GlobalSection(ProjectConfigurationPlatforms) = postSolution
		{794563DC-0DD8-481F-AA44-1BDC15174726}.Debug|Any CPU.ActiveCfg = Debug|Any CPU
		{794563DC-0DD8-481F-AA44-1BDC15174726}.Debug|Any CPU.Build.0 = Debug|Any CPU
		{794563DC-0DD8-481F-AA44-1BDC15174726}.Release|Any CPU.ActiveCfg = Release|Any CPU
		{794563DC-0DD8-481F-AA44-1BDC15174726}.Release|Any CPU.Build.0 = Release|Any CPU
		{0A00F644-DFEE-4F41-9020-458987EDE954}.Debug|Any CPU.ActiveCfg = Debug|Any CPU
		{0A00F644-DFEE-4F41-9020-458987EDE954}.Debug|Any CPU.Build.0 = Debug|Any CPU
		{0A00F644-DFEE-4F41-9020-458987EDE954}.Release|Any CPU.ActiveCfg = Release|Any CPU
		{0A00F644-DFEE-4F41-9020-458987EDE954}.Release|Any CPU.Build.0 = Release|Any CPU
		{0ACCA50A-A2A9-488B-9806-2D223DD843E0}.Debug|Any CPU.ActiveCfg = Debug|Any CPU
		{0ACCA50A-A2A9-488B-9806-2D223DD843E0}.Debug|Any CPU.Build.0 = Debug|Any CPU
		{0ACCA50A-A2A9-488B-9806-2D223DD843E0}.Release|Any CPU.ActiveCfg = Release|Any CPU
		{0ACCA50A-A2A9-488B-9806-2D223DD843E0}.Release|Any CPU.Build.0 = Release|Any CPU
		{23C75922-FD23-4D02-ABE3-59515CD61E81}.Debug|Any CPU.ActiveCfg = Debug|Any CPU
		{23C75922-FD23-4D02-ABE3-59515CD61E81}.Debug|Any CPU.Build.0 = Debug|Any CPU
		{23C75922-FD23-4D02-ABE3-59515CD61E81}.Release|Any CPU.ActiveCfg = Release|Any CPU
		{23C75922-FD23-4D02-ABE3-59515CD61E81}.Release|Any CPU.Build.0 = Release|Any CPU
		{F78D0536-3CA2-416C-A27F-A836756EEAFC}.Debug|Any CPU.ActiveCfg = Debug|Any CPU
		{F78D0536-3CA2-416C-A27F-A836756EEAFC}.Debug|Any CPU.Build.0 = Debug|Any CPU
		{F78D0536-3CA2-416C-A27F-A836756EEAFC}.Release|Any CPU.ActiveCfg = Release|Any CPU
		{F78D0536-3CA2-416C-A27F-A836756EEAFC}.Release|Any CPU.Build.0 = Release|Any CPU
		{770DA9A1-3173-49CD-B8FF-6EA71EA5EDB8}.Debug|Any CPU.ActiveCfg = Debug|Any CPU
		{770DA9A1-3173-49CD-B8FF-6EA71EA5EDB8}.Debug|Any CPU.Build.0 = Debug|Any CPU
		{770DA9A1-3173-49CD-B8FF-6EA71EA5EDB8}.Release|Any CPU.ActiveCfg = Release|Any CPU
		{770DA9A1-3173-49CD-B8FF-6EA71EA5EDB8}.Release|Any CPU.Build.0 = Release|Any CPU
		{00BA364E-1B86-4F2D-913C-9C3FCC2A08AE}.Debug|Any CPU.ActiveCfg = Debug|Any CPU
		{00BA364E-1B86-4F2D-913C-9C3FCC2A08AE}.Debug|Any CPU.Build.0 = Debug|Any CPU
		{00BA364E-1B86-4F2D-913C-9C3FCC2A08AE}.Release|Any CPU.ActiveCfg = Release|Any CPU
		{00BA364E-1B86-4F2D-913C-9C3FCC2A08AE}.Release|Any CPU.Build.0 = Release|Any CPU
	EndGlobalSection
	GlobalSection(SolutionProperties) = preSolution
		HideSolutionNode = FALSE
	EndGlobalSection
	GlobalSection(NestedProjects) = preSolution
		{794563DC-0DD8-481F-AA44-1BDC15174726} = {27D44F2B-1E52-4E93-BB72-BA371230735E}
		{0A00F644-DFEE-4F41-9020-458987EDE954} = {46B96EA7-5CB1-43D0-ADE4-6A04559F97C4}
		{0ACCA50A-A2A9-488B-9806-2D223DD843E0} = {27D44F2B-1E52-4E93-BB72-BA371230735E}
		{23C75922-FD23-4D02-ABE3-59515CD61E81} = {27D44F2B-1E52-4E93-BB72-BA371230735E}
		{F78D0536-3CA2-416C-A27F-A836756EEAFC} = {27D44F2B-1E52-4E93-BB72-BA371230735E}
		{770DA9A1-3173-49CD-B8FF-6EA71EA5EDB8} = {27D44F2B-1E52-4E93-BB72-BA371230735E}
	EndGlobalSection
	GlobalSection(ExtensibilityGlobals) = postSolution
		SolutionGuid = {A7356ACE-EABE-4864-AB6A-692C3A8073B7}
	EndGlobalSection
EndGlobal
