
Microsoft Visual Studio Solution File, Format Version 12.00
# Visual Studio Version 16
VisualStudioVersion = 16.0.31112.23
MinimumVisualStudioVersion = 10.0.40219.1
Project("{9A19103F-16F7-4668-BE54-9A1E7A4F7556}") = "TradingCompany.TransactionHistory", "TradingCompany.TransactionHistory\TradingCompany.TransactionHistory.csproj", "{A01E286D-3847-4A1F-ABF0-78ADD63C287C}"
EndProject
Project("{2150E333-8FDC-42A3-9474-1A3956D46DE8}") = "API", "API", "{03C93E23-729B-4E77-86DE-273AE86D22BD}"
EndProject
Project("{2150E333-8FDC-42A3-9474-1A3956D46DE8}") = "Common", "Common", "{E4DC9424-BD4E-4FF5-AB58-172EE3056862}"
EndProject
Project("{9A19103F-16F7-4668-BE54-9A1E7A4F7556}") = "TradingCompany.Shared", "..\..\Common\TradingCompany.Shared\TradingCompany.Shared.csproj", "{1411B6FB-28E8-43A9-AECD-4D1B0270E334}"
EndProject
Project("{9A19103F-16F7-4668-BE54-9A1E7A4F7556}") = "TradingCompany.Models", "TradingCompany.Models\TradingCompany.Models.csproj", "{034A28D1-A576-486E-AB61-36DAA2FE9E58}"
EndProject
Project("{9A19103F-16F7-4668-BE54-9A1E7A4F7556}") = "TradingCompany.Repository", "TradingCompany.Repository\TradingCompany.Repository.csproj", "{C68741F0-3046-4165-BEAF-7F63D94F139A}"
EndProject
Project("{E53339B2-1760-4266-BCC7-CA923CBCF16C}") = "docker-compose", "docker-compose.dcproj", "{A676297D-896B-4F57-8355-31E7F812A65F}"
EndProject
Global
	GlobalSection(SolutionConfigurationPlatforms) = preSolution
		Debug|Any CPU = Debug|Any CPU
		Release|Any CPU = Release|Any CPU
	EndGlobalSection
	GlobalSection(ProjectConfigurationPlatforms) = postSolution
		{A01E286D-3847-4A1F-ABF0-78ADD63C287C}.Debug|Any CPU.ActiveCfg = Debug|Any CPU
		{A01E286D-3847-4A1F-ABF0-78ADD63C287C}.Debug|Any CPU.Build.0 = Debug|Any CPU
		{A01E286D-3847-4A1F-ABF0-78ADD63C287C}.Release|Any CPU.ActiveCfg = Release|Any CPU
		{A01E286D-3847-4A1F-ABF0-78ADD63C287C}.Release|Any CPU.Build.0 = Release|Any CPU
		{1411B6FB-28E8-43A9-AECD-4D1B0270E334}.Debug|Any CPU.ActiveCfg = Debug|Any CPU
		{1411B6FB-28E8-43A9-AECD-4D1B0270E334}.Debug|Any CPU.Build.0 = Debug|Any CPU
		{1411B6FB-28E8-43A9-AECD-4D1B0270E334}.Release|Any CPU.ActiveCfg = Release|Any CPU
		{1411B6FB-28E8-43A9-AECD-4D1B0270E334}.Release|Any CPU.Build.0 = Release|Any CPU
		{034A28D1-A576-486E-AB61-36DAA2FE9E58}.Debug|Any CPU.ActiveCfg = Debug|Any CPU
		{034A28D1-A576-486E-AB61-36DAA2FE9E58}.Debug|Any CPU.Build.0 = Debug|Any CPU
		{034A28D1-A576-486E-AB61-36DAA2FE9E58}.Release|Any CPU.ActiveCfg = Release|Any CPU
		{034A28D1-A576-486E-AB61-36DAA2FE9E58}.Release|Any CPU.Build.0 = Release|Any CPU
		{C68741F0-3046-4165-BEAF-7F63D94F139A}.Debug|Any CPU.ActiveCfg = Debug|Any CPU
		{C68741F0-3046-4165-BEAF-7F63D94F139A}.Debug|Any CPU.Build.0 = Debug|Any CPU
		{C68741F0-3046-4165-BEAF-7F63D94F139A}.Release|Any CPU.ActiveCfg = Release|Any CPU
		{C68741F0-3046-4165-BEAF-7F63D94F139A}.Release|Any CPU.Build.0 = Release|Any CPU
		{A676297D-896B-4F57-8355-31E7F812A65F}.Debug|Any CPU.ActiveCfg = Debug|Any CPU
		{A676297D-896B-4F57-8355-31E7F812A65F}.Debug|Any CPU.Build.0 = Debug|Any CPU
		{A676297D-896B-4F57-8355-31E7F812A65F}.Release|Any CPU.ActiveCfg = Release|Any CPU
		{A676297D-896B-4F57-8355-31E7F812A65F}.Release|Any CPU.Build.0 = Release|Any CPU
	EndGlobalSection
	GlobalSection(SolutionProperties) = preSolution
		HideSolutionNode = FALSE
	EndGlobalSection
	GlobalSection(NestedProjects) = preSolution
		{A01E286D-3847-4A1F-ABF0-78ADD63C287C} = {03C93E23-729B-4E77-86DE-273AE86D22BD}
		{1411B6FB-28E8-43A9-AECD-4D1B0270E334} = {E4DC9424-BD4E-4FF5-AB58-172EE3056862}
		{034A28D1-A576-486E-AB61-36DAA2FE9E58} = {03C93E23-729B-4E77-86DE-273AE86D22BD}
		{C68741F0-3046-4165-BEAF-7F63D94F139A} = {03C93E23-729B-4E77-86DE-273AE86D22BD}
	EndGlobalSection
	GlobalSection(ExtensibilityGlobals) = postSolution
		SolutionGuid = {166B811B-20C8-4005-A775-3E398D18A843}
	EndGlobalSection
EndGlobal
