
Microsoft Visual Studio Solution File, Format Version 12.00
# Visual Studio Version 16
VisualStudioVersion = 16.0.31112.23
MinimumVisualStudioVersion = 10.0.40219.1
Project("{FAE04EC0-301F-11D3-BF4B-00C04F79EFBC}") = "TradingCompany.TransactionHistory", "TradingCompany.TransactionHistory\TradingCompany.TransactionHistory.csproj", "{A01E286D-3847-4A1F-ABF0-78ADD63C287C}"
EndProject
Project("{2150E333-8FDC-42A3-9474-1A3956D46DE8}") = "API", "API", "{03C93E23-729B-4E77-86DE-273AE86D22BD}"
EndProject
Project("{2150E333-8FDC-42A3-9474-1A3956D46DE8}") = "Common", "Common", "{E4DC9424-BD4E-4FF5-AB58-172EE3056862}"
EndProject
Project("{9A19103F-16F7-4668-BE54-9A1E7A4F7556}") = "TradingCompany.Shared", "..\..\Common\TradingCompany.Shared\TradingCompany.Shared.csproj", "{1411B6FB-28E8-43A9-AECD-4D1B0270E334}"
EndProject
Global
	GlobalSection(SolutionConfigurationPlatforms) = preSolution
		Debug|Any CPU = Debug|Any CPU
		Release|Any CPU = Release|Any CPU
	EndGlobalSection
	GlobalSection(ProjectConfigurationPlatforms) = postSolution
		{A01E286D-3847-4A1F-ABF0-78ADD63C287C}.Debug|Any CPU.ActiveCfg = Debug|Any CPU
		{A01E286D-3847-4A1F-ABF0-78ADD63C287C}.Debug|Any CPU.Build.0 = Debug|Any CPU
		{A01E286D-3847-4A1F-ABF0-78ADD63C287C}.Release|Any CPU.ActiveCfg = Release|Any CPU
		{A01E286D-3847-4A1F-ABF0-78ADD63C287C}.Release|Any CPU.Build.0 = Release|Any CPU
		{1411B6FB-28E8-43A9-AECD-4D1B0270E334}.Debug|Any CPU.ActiveCfg = Debug|Any CPU
		{1411B6FB-28E8-43A9-AECD-4D1B0270E334}.Debug|Any CPU.Build.0 = Debug|Any CPU
		{1411B6FB-28E8-43A9-AECD-4D1B0270E334}.Release|Any CPU.ActiveCfg = Release|Any CPU
		{1411B6FB-28E8-43A9-AECD-4D1B0270E334}.Release|Any CPU.Build.0 = Release|Any CPU
	EndGlobalSection
	GlobalSection(SolutionProperties) = preSolution
		HideSolutionNode = FALSE
	EndGlobalSection
	GlobalSection(NestedProjects) = preSolution
		{A01E286D-3847-4A1F-ABF0-78ADD63C287C} = {03C93E23-729B-4E77-86DE-273AE86D22BD}
		{1411B6FB-28E8-43A9-AECD-4D1B0270E334} = {E4DC9424-BD4E-4FF5-AB58-172EE3056862}
	EndGlobalSection
	GlobalSection(ExtensibilityGlobals) = postSolution
		SolutionGuid = {166B811B-20C8-4005-A775-3E398D18A843}
	EndGlobalSection
EndGlobal
