
Microsoft Visual Studio Solution File, Format Version 12.00
# Visual Studio Version 16
VisualStudioVersion = 16.0.31112.23
MinimumVisualStudioVersion = 10.0.40219.1
Project("{9A19103F-16F7-4668-BE54-9A1E7A4F7556}") = "TradingCompany.Shared", "TradingCompany.Shared\TradingCompany.Shared.csproj", "{0CCC16A6-1354-4523-B77F-1223C7E47159}"
EndProject
Global
	GlobalSection(SolutionConfigurationPlatforms) = preSolution
		Debug|Any CPU = Debug|Any CPU
		Release|Any CPU = Release|Any CPU
	EndGlobalSection
	GlobalSection(ProjectConfigurationPlatforms) = postSolution
		{0CCC16A6-1354-4523-B77F-1223C7E47159}.Debug|Any CPU.ActiveCfg = Debug|Any CPU
		{0CCC16A6-1354-4523-B77F-1223C7E47159}.Debug|Any CPU.Build.0 = Debug|Any CPU
		{0CCC16A6-1354-4523-B77F-1223C7E47159}.Release|Any CPU.ActiveCfg = Release|Any CPU
		{0CCC16A6-1354-4523-B77F-1223C7E47159}.Release|Any CPU.Build.0 = Release|Any CPU
	EndGlobalSection
	GlobalSection(SolutionProperties) = preSolution
		HideSolutionNode = FALSE
	EndGlobalSection
	GlobalSection(ExtensibilityGlobals) = postSolution
		SolutionGuid = {6F4DBFB0-A44A-40EC-AC20-785D18C7AEB0}
	EndGlobalSection
EndGlobal
